
Microsoft Visual Studio Solution File, Format Version 12.00
# Visual Studio Version 17
VisualStudioVersion = 17.0.32002.185
MinimumVisualStudioVersion = 10.0.40219.1
Project("{FAE04EC0-301F-11D3-BF4B-00C04F79EFBC}") = "Kurumsal.Core", "Kurumsal.Core\Kurumsal.Core.csproj", "{A646A112-D891-47FD-9139-84ED44DA729B}"
EndProject
Project("{FAE04EC0-301F-11D3-BF4B-00C04F79EFBC}") = "Kurumsal.Entities", "Kurumsal.Entities\Kurumsal.Entities.csproj", "{BF928198-65FC-40A0-90F0-34691F1BD880}"
EndProject
Project("{FAE04EC0-301F-11D3-BF4B-00C04F79EFBC}") = "Kurumsal.DataAccess", "Kurumsal.DataAccess\Kurumsal.DataAccess.csproj", "{EC3B04AB-87EA-47E2-AC1A-07503465143E}"
EndProject
Project("{FAE04EC0-301F-11D3-BF4B-00C04F79EFBC}") = "Kurumsal.Business", "Kurumsal.Business\Kurumsal.Business.csproj", "{FD4871FC-AF9E-4D56-8C77-C239F587D710}"
EndProject
Project("{FAE04EC0-301F-11D3-BF4B-00C04F79EFBC}") = "Kurumsal.Web", "Kurumsal.Web\Kurumsal.Web.csproj", "{59F6B460-8E4F-4FF8-B98D-F641A618B9B9}"
EndProject
Global
	GlobalSection(SolutionConfigurationPlatforms) = preSolution
		Debug|Any CPU = Debug|Any CPU
		Release|Any CPU = Release|Any CPU
	EndGlobalSection
	GlobalSection(ProjectConfigurationPlatforms) = postSolution
		{A646A112-D891-47FD-9139-84ED44DA729B}.Debug|Any CPU.ActiveCfg = Debug|Any CPU
		{A646A112-D891-47FD-9139-84ED44DA729B}.Debug|Any CPU.Build.0 = Debug|Any CPU
		{A646A112-D891-47FD-9139-84ED44DA729B}.Release|Any CPU.ActiveCfg = Release|Any CPU
		{A646A112-D891-47FD-9139-84ED44DA729B}.Release|Any CPU.Build.0 = Release|Any CPU
		{BF928198-65FC-40A0-90F0-34691F1BD880}.Debug|Any CPU.ActiveCfg = Debug|Any CPU
		{BF928198-65FC-40A0-90F0-34691F1BD880}.Debug|Any CPU.Build.0 = Debug|Any CPU
		{BF928198-65FC-40A0-90F0-34691F1BD880}.Release|Any CPU.ActiveCfg = Release|Any CPU
		{BF928198-65FC-40A0-90F0-34691F1BD880}.Release|Any CPU.Build.0 = Release|Any CPU
		{EC3B04AB-87EA-47E2-AC1A-07503465143E}.Debug|Any CPU.ActiveCfg = Debug|Any CPU
		{EC3B04AB-87EA-47E2-AC1A-07503465143E}.Debug|Any CPU.Build.0 = Debug|Any CPU
		{EC3B04AB-87EA-47E2-AC1A-07503465143E}.Release|Any CPU.ActiveCfg = Release|Any CPU
		{EC3B04AB-87EA-47E2-AC1A-07503465143E}.Release|Any CPU.Build.0 = Release|Any CPU
		{FD4871FC-AF9E-4D56-8C77-C239F587D710}.Debug|Any CPU.ActiveCfg = Debug|Any CPU
		{FD4871FC-AF9E-4D56-8C77-C239F587D710}.Debug|Any CPU.Build.0 = Debug|Any CPU
		{FD4871FC-AF9E-4D56-8C77-C239F587D710}.Release|Any CPU.ActiveCfg = Release|Any CPU
		{FD4871FC-AF9E-4D56-8C77-C239F587D710}.Release|Any CPU.Build.0 = Release|Any CPU
		{59F6B460-8E4F-4FF8-B98D-F641A618B9B9}.Debug|Any CPU.ActiveCfg = Debug|Any CPU
		{59F6B460-8E4F-4FF8-B98D-F641A618B9B9}.Debug|Any CPU.Build.0 = Debug|Any CPU
		{59F6B460-8E4F-4FF8-B98D-F641A618B9B9}.Release|Any CPU.ActiveCfg = Release|Any CPU
		{59F6B460-8E4F-4FF8-B98D-F641A618B9B9}.Release|Any CPU.Build.0 = Release|Any CPU
	EndGlobalSection
	GlobalSection(SolutionProperties) = preSolution
		HideSolutionNode = FALSE
	EndGlobalSection
	GlobalSection(ExtensibilityGlobals) = postSolution
		SolutionGuid = {F3047861-5ADD-4820-BF6D-D41196344EB5}
	EndGlobalSection
EndGlobal
